
Microsoft Visual Studio Solution File, Format Version 12.00
# Visual Studio 15
VisualStudioVersion = 15.0.28307.757
MinimumVisualStudioVersion = 10.0.40219.1
Project("{8BC9CEB8-8B4A-11D0-8D11-00A0C91BC942}") = "study", "study\study.vcxproj", "{E2D6A0D3-5137-4F2A-AD79-5C1EE40F3A9F}"
EndProject
Project("{8BC9CEB8-8B4A-11D0-8D11-00A0C91BC942}") = "BaekJoon", "BaekJoon\BaekJoon.vcxproj", "{BE8C4A75-E965-43F4-A54E-6CA6E160BF09}"
EndProject
Global
	GlobalSection(SolutionConfigurationPlatforms) = preSolution
		Debug|x64 = Debug|x64
		Debug|x86 = Debug|x86
		Release|x64 = Release|x64
		Release|x86 = Release|x86
	EndGlobalSection
	GlobalSection(ProjectConfigurationPlatforms) = postSolution
		{E2D6A0D3-5137-4F2A-AD79-5C1EE40F3A9F}.Debug|x64.ActiveCfg = Debug|x64
		{E2D6A0D3-5137-4F2A-AD79-5C1EE40F3A9F}.Debug|x64.Build.0 = Debug|x64
		{E2D6A0D3-5137-4F2A-AD79-5C1EE40F3A9F}.Debug|x86.ActiveCfg = Debug|Win32
		{E2D6A0D3-5137-4F2A-AD79-5C1EE40F3A9F}.Debug|x86.Build.0 = Debug|Win32
		{E2D6A0D3-5137-4F2A-AD79-5C1EE40F3A9F}.Release|x64.ActiveCfg = Release|x64
		{E2D6A0D3-5137-4F2A-AD79-5C1EE40F3A9F}.Release|x64.Build.0 = Release|x64
		{E2D6A0D3-5137-4F2A-AD79-5C1EE40F3A9F}.Release|x86.ActiveCfg = Release|Win32
		{E2D6A0D3-5137-4F2A-AD79-5C1EE40F3A9F}.Release|x86.Build.0 = Release|Win32
		{BE8C4A75-E965-43F4-A54E-6CA6E160BF09}.Debug|x64.ActiveCfg = Debug|x64
		{BE8C4A75-E965-43F4-A54E-6CA6E160BF09}.Debug|x64.Build.0 = Debug|x64
		{BE8C4A75-E965-43F4-A54E-6CA6E160BF09}.Debug|x86.ActiveCfg = Debug|Win32
		{BE8C4A75-E965-43F4-A54E-6CA6E160BF09}.Debug|x86.Build.0 = Debug|Win32
		{BE8C4A75-E965-43F4-A54E-6CA6E160BF09}.Release|x64.ActiveCfg = Release|x64
		{BE8C4A75-E965-43F4-A54E-6CA6E160BF09}.Release|x64.Build.0 = Release|x64
		{BE8C4A75-E965-43F4-A54E-6CA6E160BF09}.Release|x86.ActiveCfg = Release|Win32
		{BE8C4A75-E965-43F4-A54E-6CA6E160BF09}.Release|x86.Build.0 = Release|Win32
	EndGlobalSection
	GlobalSection(SolutionProperties) = preSolution
		HideSolutionNode = FALSE
	EndGlobalSection
	GlobalSection(ExtensibilityGlobals) = postSolution
		SolutionGuid = {FB6E94ED-B9D4-455F-A156-91CCE7D03A2F}
	EndGlobalSection
EndGlobal
