<?xml version="1.0" encoding="utf-8"?>
<Project ToolsVersion="4.0" xmlns="http://schemas.microsoft.com/developer/msbuild/2003">
  <ItemGroup>
    <Filter Include="소스 파일">
      <UniqueIdentifier>{4FC737F1-C7A5-4376-A066-2A32D752A2FF}</UniqueIdentifier>
      <Extensions>cpp;c;cc;cxx;def;odl;idl;hpj;bat;asm;asmx</Extensions>
    </Filter>
    <Filter Include="헤더 파일">
      <UniqueIdentifier>{93995380-89BD-4b04-88EB-625FBE52EBFB}</UniqueIdentifier>
      <Extensions>h;hh;hpp;hxx;hm;inl;inc;ipp;xsd</Extensions>
    </Filter>
    <Filter Include="리소스 파일">
      <UniqueIdentifier>{67DA6AB6-F800-4c08-8B7A-83BB121AAD01}</UniqueIdentifier>
      <Extensions>rc;ico;cur;bmp;dlg;rc2;rct;bin;rgs;gif;jpg;jpeg;jpe;resx;tiff;tif;png;wav;mfcribbon-ms</Extensions>
    </Filter>
  </ItemGroup>
  <ItemGroup>
    <ClInclude Include="pch.h">
      <Filter>헤더 파일</Filter>
    </ClInclude>
  </ItemGroup>
  <ItemGroup>
    <ClCompile Include="pch.cpp">
      <Filter>소스 파일</Filter>
    </ClCompile>
    <ClCompile Include="BaekJoon.cpp">
      <Filter>소스 파일</Filter>
    </ClCompile>
    <ClCompile Include="1427.cpp">
      <Filter>소스 파일</Filter>
    </ClCompile>
    <ClCompile Include="11650.cpp">
      <Filter>소스 파일</Filter>
    </ClCompile>
    <ClCompile Include="11650_1.cpp">
      <Filter>소스 파일</Filter>
    </ClCompile>
    <ClCompile Include="1181.cpp">
      <Filter>소스 파일</Filter>
    </ClCompile>
    <ClCompile Include="10814.cpp">
      <Filter>소스 파일</Filter>
    </ClCompile>
    <ClCompile Include="2748.cpp">
      <Filter>소스 파일</Filter>
    </ClCompile>
    <ClCompile Include="1904.cpp">
      <Filter>소스 파일</Filter>
    </ClCompile>
    <ClCompile Include="1149.cpp">
      <Filter>소스 파일</Filter>
    </ClCompile>
    <ClCompile Include="1932.cpp">
      <Filter>소스 파일</Filter>
    </ClCompile>
    <ClCompile Include="2579.cpp">
      <Filter>소스 파일</Filter>
    </ClCompile>
    <ClCompile Include="11053.cpp">
      <Filter>소스 파일</Filter>
    </ClCompile>
    <ClCompile Include="11054.cpp">
      <Filter>소스 파일</Filter>
    </ClCompile>
    <ClCompile Include="14002.cpp">
      <Filter>소스 파일</Filter>
    </ClCompile>
    <ClCompile Include="1912.cpp">
      <Filter>소스 파일</Filter>
    </ClCompile>
    <ClCompile Include="1958.cpp">
      <Filter>소스 파일</Filter>
    </ClCompile>
    <ClCompile Include="2565.cpp">
      <Filter>소스 파일</Filter>
    </ClCompile>
    <ClCompile Include="5582.cpp">
      <Filter>소스 파일</Filter>
    </ClCompile>
    <ClCompile Include="5582_1.cpp">
      <Filter>소스 파일</Filter>
    </ClCompile>
    <ClCompile Include="5582_2.cpp">
      <Filter>소스 파일</Filter>
    </ClCompile>
    <ClCompile Include="9251.cpp">
      <Filter>소스 파일</Filter>
    </ClCompile>
    <ClCompile Include="9252.cpp">
      <Filter>소스 파일</Filter>
    </ClCompile>
    <ClCompile Include="11049.cpp">
      <Filter>소스 파일</Filter>
    </ClCompile>
    <ClCompile Include="11049_1.cpp">
      <Filter>소스 파일</Filter>
    </ClCompile>
    <ClCompile Include="11055.cpp">
      <Filter>소스 파일</Filter>
    </ClCompile>
    <ClCompile Include="11066.cpp">
      <Filter>소스 파일</Filter>
    </ClCompile>
    <ClCompile Include="11722.cpp">
      <Filter>소스 파일</Filter>
    </ClCompile>
    <ClCompile Include="12015.cpp">
      <Filter>소스 파일</Filter>
    </ClCompile>
    <ClCompile Include="14003.cpp">
      <Filter>소스 파일</Filter>
    </ClCompile>
    <ClCompile Include="12865.cpp">
      <Filter>소스 파일</Filter>
    </ClCompile>
    <ClCompile Include="12865_1.cpp">
      <Filter>소스 파일</Filter>
    </ClCompile>
    <ClCompile Include="1520.cpp">
      <Filter>소스 파일</Filter>
    </ClCompile>
    <ClCompile Include="2293.cpp">
      <Filter>소스 파일</Filter>
    </ClCompile>
    <ClCompile Include="1520_1.cpp">
      <Filter>소스 파일</Filter>
    </ClCompile>
    <ClCompile Include="1931.cpp">
      <Filter>소스 파일</Filter>
    </ClCompile>
    <ClCompile Include="11399.cpp">
      <Filter>소스 파일</Filter>
    </ClCompile>
    <ClCompile Include="1541.cpp">
      <Filter>소스 파일</Filter>
    </ClCompile>
    <ClCompile Include="2217.cpp">
      <Filter>소스 파일</Filter>
    </ClCompile>
    <ClCompile Include="11047.cpp">
      <Filter>소스 파일</Filter>
    </ClCompile>
    <ClCompile Include="1037.cpp">
      <Filter>소스 파일</Filter>
    </ClCompile>
    <ClCompile Include="2609.cpp">
      <Filter>소스 파일</Filter>
    </ClCompile>
    <ClCompile Include="2609_1.cpp">
      <Filter>소스 파일</Filter>
    </ClCompile>
    <ClCompile Include="2981.cpp">
      <Filter>소스 파일</Filter>
    </ClCompile>
    <ClCompile Include="3036.cpp">
      <Filter>소스 파일</Filter>
    </ClCompile>
    <ClCompile Include="5086.cpp">
      <Filter>소스 파일</Filter>
    </ClCompile>
    <ClCompile Include="11050.cpp">
      <Filter>소스 파일</Filter>
    </ClCompile>
    <ClCompile Include="11051.cpp">
      <Filter>소스 파일</Filter>
    </ClCompile>
    <ClCompile Include="11653.cpp">
      <Filter>소스 파일</Filter>
    </ClCompile>
    <ClCompile Include="11051_1.cpp">
      <Filter>소스 파일</Filter>
    </ClCompile>
    <ClCompile Include="1676.cpp">
      <Filter>소스 파일</Filter>
    </ClCompile>
    <ClCompile Include="1676_1.cpp">
      <Filter>소스 파일</Filter>
    </ClCompile>
    <ClCompile Include="2004.cpp">
      <Filter>소스 파일</Filter>
    </ClCompile>
    <ClCompile Include="9375.cpp">
      <Filter>소스 파일</Filter>
    </ClCompile>
    <ClCompile Include="1874.cpp">
      <Filter>소스 파일</Filter>
    </ClCompile>
    <ClCompile Include="4949.cpp">
      <Filter>소스 파일</Filter>
    </ClCompile>
    <ClCompile Include="9012.cpp">
      <Filter>소스 파일</Filter>
    </ClCompile>
    <ClCompile Include="10773.cpp">
      <Filter>소스 파일</Filter>
    </ClCompile>
    <ClCompile Include="10828.cpp">
      <Filter>소스 파일</Filter>
    </ClCompile>
    <ClCompile Include="17298.cpp">
      <Filter>소스 파일</Filter>
    </ClCompile>
    <ClCompile Include="10845.cpp">
      <Filter>소스 파일</Filter>
    </ClCompile>
    <ClCompile Include="2164.cpp">
      <Filter>소스 파일</Filter>
    </ClCompile>
    <ClCompile Include="1021.cpp">
      <Filter>소스 파일</Filter>
    </ClCompile>
    <ClCompile Include="1629.cpp">
      <Filter>소스 파일</Filter>
    </ClCompile>
    <ClCompile Include="1780.cpp">
      <Filter>소스 파일</Filter>
    </ClCompile>
    <ClCompile Include="1966.cpp">
      <Filter>소스 파일</Filter>
    </ClCompile>
    <ClCompile Include="11401_1.cpp">
      <Filter>소스 파일</Filter>
    </ClCompile>
    <ClCompile Include="11401.cpp">
      <Filter>소스 파일</Filter>
    </ClCompile>
    <ClCompile Include="2630.cpp">
      <Filter>소스 파일</Filter>
    </ClCompile>
    <ClCompile Include="1992.cpp">
      <Filter>소스 파일</Filter>
    </ClCompile>
    <ClCompile Include="5430.cpp">
      <Filter>소스 파일</Filter>
    </ClCompile>
    <ClCompile Include="10866.cpp">
      <Filter>소스 파일</Filter>
    </ClCompile>
    <ClCompile Include="6549.cpp">
      <Filter>소스 파일</Filter>
    </ClCompile>
    <ClCompile Include="1725.cpp">
      <Filter>소스 파일</Filter>
    </ClCompile>
    <ClCompile Include="2740.cpp">
      <Filter>소스 파일</Filter>
    </ClCompile>
    <ClCompile Include="10830.cpp">
      <Filter>소스 파일</Filter>
    </ClCompile>
    <ClCompile Include="2749.cpp">
      <Filter>소스 파일</Filter>
    </ClCompile>
    <ClCompile Include="2261.cpp">
      <Filter>소스 파일</Filter>
    </ClCompile>
    <ClCompile Include="2261_1.cpp">
      <Filter>소스 파일</Filter>
    </ClCompile>
    <ClCompile Include="1920.cpp">
      <Filter>소스 파일</Filter>
    </ClCompile>
    <ClCompile Include="2805.cpp">
      <Filter>소스 파일</Filter>
    </ClCompile>
    <ClCompile Include="1654.cpp">
      <Filter>소스 파일</Filter>
    </ClCompile>
    <ClCompile Include="10816.cpp">
      <Filter>소스 파일</Filter>
    </ClCompile>
    <ClCompile Include="2110.cpp">
      <Filter>소스 파일</Filter>
    </ClCompile>
    <ClCompile Include="1300.cpp">
      <Filter>소스 파일</Filter>
    </ClCompile>
    <ClCompile Include="11279.cpp">
      <Filter>소스 파일</Filter>
    </ClCompile>
    <ClCompile Include="1927.cpp">
      <Filter>소스 파일</Filter>
    </ClCompile>
    <ClCompile Include="11286.cpp">
      <Filter>소스 파일</Filter>
    </ClCompile>
    <ClCompile Include="11657.cpp">
      <Filter>소스 파일</Filter>
    </ClCompile>
    <ClCompile Include="9370.cpp">
      <Filter>소스 파일</Filter>
    </ClCompile>
    <ClCompile Include="1504_1.cpp">
      <Filter>소스 파일</Filter>
    </ClCompile>
    <ClCompile Include="1504.cpp">
      <Filter>소스 파일</Filter>
    </ClCompile>
    <ClCompile Include="1753.cpp">
      <Filter>소스 파일</Filter>
    </ClCompile>
    <ClCompile Include="2206.cpp">
      <Filter>소스 파일</Filter>
    </ClCompile>
    <ClCompile Include="1697.cpp">
      <Filter>소스 파일</Filter>
    </ClCompile>
    <ClCompile Include="7569.cpp">
      <Filter>소스 파일</Filter>
    </ClCompile>
    <ClCompile Include="7576.cpp">
      <Filter>소스 파일</Filter>
    </ClCompile>
    <ClCompile Include="2178.cpp">
      <Filter>소스 파일</Filter>
    </ClCompile>
    <ClCompile Include="1012.cpp">
      <Filter>소스 파일</Filter>
    </ClCompile>
    <ClCompile Include="2667.cpp">
      <Filter>소스 파일</Filter>
    </ClCompile>
    <ClCompile Include="2606.cpp">
      <Filter>소스 파일</Filter>
    </ClCompile>
    <ClCompile Include="1260.cpp">
      <Filter>소스 파일</Filter>
    </ClCompile>
    <ClCompile Include="1655.cpp">
      <Filter>소스 파일</Filter>
    </ClCompile>
    <ClCompile Include="1865.cpp">
      <Filter>소스 파일</Filter>
    </ClCompile>
    <ClCompile Include="1865_1.cpp">
      <Filter>소스 파일</Filter>
    </ClCompile>
    <ClCompile Include="11404.cpp">
      <Filter>소스 파일</Filter>
    </ClCompile>
    <ClCompile Include="1956.cpp">
      <Filter>소스 파일</Filter>
    </ClCompile>
    <ClCompile Include="10217.cpp">
      <Filter>소스 파일</Filter>
    </ClCompile>
    <ClCompile Include="12738.cpp">
      <Filter>소스 파일</Filter>
    </ClCompile>
    <ClCompile Include="7579.cpp">
      <Filter>소스 파일</Filter>
    </ClCompile>
    <ClCompile Include="10942.cpp">
      <Filter>소스 파일</Filter>
    </ClCompile>
    <ClCompile Include="2618.cpp">
      <Filter>소스 파일</Filter>
    </ClCompile>
    <ClCompile Include="11723.cpp">
      <Filter>소스 파일</Filter>
    </ClCompile>
    <ClCompile Include="2098.cpp">
      <Filter>소스 파일</Filter>
    </ClCompile>
    <ClCompile Include="1648.cpp">
      <Filter>소스 파일</Filter>
    </ClCompile>
    <ClCompile Include="2482.cpp">
      <Filter>소스 파일</Filter>
    </ClCompile>
    <ClCompile Include="12852.cpp">
      <Filter>소스 파일</Filter>
    </ClCompile>
    <ClCompile Include="17404.cpp">
      <Filter>소스 파일</Filter>
    </ClCompile>
    <ClCompile Include="13913.cpp">
      <Filter>소스 파일</Filter>
    </ClCompile>
    <ClCompile Include="11779.cpp">
      <Filter>소스 파일</Filter>
    </ClCompile>
    <ClCompile Include="1916.cpp">
      <Filter>소스 파일</Filter>
    </ClCompile>
    <ClCompile Include="9019.cpp">
      <Filter>소스 파일</Filter>
    </ClCompile>
    <ClCompile Include="11725.cpp">
      <Filter>소스 파일</Filter>
    </ClCompile>
    <ClCompile Include="1167.cpp">
      <Filter>소스 파일</Filter>
    </ClCompile>
    <ClCompile Include="1967.cpp">
      <Filter>소스 파일</Filter>
    </ClCompile>
    <ClCompile Include="1991.cpp">
      <Filter>소스 파일</Filter>
    </ClCompile>
    <ClCompile Include="2263_1.cpp">
      <Filter>소스 파일</Filter>
    </ClCompile>
    <ClCompile Include="2263.cpp">
      <Filter>소스 파일</Filter>
    </ClCompile>
    <ClCompile Include="5639.cpp">
      <Filter>소스 파일</Filter>
    </ClCompile>
    <ClCompile Include="5639_1.cpp">
      <Filter>소스 파일</Filter>
    </ClCompile>
    <ClCompile Include="10775.cpp">
      <Filter>소스 파일</Filter>
    </ClCompile>
    <ClCompile Include="4195.cpp">
      <Filter>소스 파일</Filter>
    </ClCompile>
    <ClCompile Include="1976.cpp">
      <Filter>소스 파일</Filter>
    </ClCompile>
    <ClCompile Include="1717.cpp">
      <Filter>소스 파일</Filter>
    </ClCompile>
    <ClCompile Include="4386.cpp">
      <Filter>소스 파일</Filter>
    </ClCompile>
    <ClCompile Include="1197_1.cpp">
      <Filter>소스 파일</Filter>
    </ClCompile>
    <ClCompile Include="1197.cpp">
      <Filter>소스 파일</Filter>
    </ClCompile>
    <ClCompile Include="9372.cpp">
      <Filter>소스 파일</Filter>
    </ClCompile>
    <ClCompile Include="1774.cpp">
      <Filter>소스 파일</Filter>
    </ClCompile>
    <ClCompile Include="15681.cpp">
      <Filter>소스 파일</Filter>
    </ClCompile>
    <ClCompile Include="2887_p.cpp">
      <Filter>소스 파일</Filter>
    </ClCompile>
    <ClCompile Include="2887_k_1.cpp">
      <Filter>소스 파일</Filter>
    </ClCompile>
    <ClCompile Include="2887_k.cpp">
      <Filter>소스 파일</Filter>
    </ClCompile>
    <ClCompile Include="2213.cpp">
      <Filter>소스 파일</Filter>
    </ClCompile>
    <ClCompile Include="2533.cpp">
      <Filter>소스 파일</Filter>
    </ClCompile>
    <ClCompile Include="1949.cpp">
      <Filter>소스 파일</Filter>
    </ClCompile>
    <ClCompile Include="17387.cpp">
      <Filter>소스 파일</Filter>
    </ClCompile>
    <ClCompile Include="17386.cpp">
      <Filter>소스 파일</Filter>
    </ClCompile>
    <ClCompile Include="11758.cpp">
      <Filter>소스 파일</Filter>
    </ClCompile>
    <ClCompile Include="2166.cpp">
      <Filter>소스 파일</Filter>
    </ClCompile>
    <ClCompile Include="2162.cpp">
      <Filter>소스 파일</Filter>
    </ClCompile>
    <ClCompile Include="1701.cpp">
      <Filter>소스 파일</Filter>
    </ClCompile>
    <ClCompile Include="1786.cpp">
      <Filter>소스 파일</Filter>
    </ClCompile>
    <ClCompile Include="9095.cpp">
      <Filter>소스 파일</Filter>
    </ClCompile>
    <ClCompile Include="4354.cpp">
      <Filter>소스 파일</Filter>
    </ClCompile>
    <ClCompile Include="11726.cpp">
      <Filter>소스 파일</Filter>
    </ClCompile>
    <ClCompile Include="11727.cpp">
      <Filter>소스 파일</Filter>
    </ClCompile>
    <ClCompile Include="2193.cpp">
      <Filter>소스 파일</Filter>
    </ClCompile>
    <ClCompile Include="1793.cpp">
      <Filter>소스 파일</Filter>
    </ClCompile>
    <ClCompile Include="14725.cpp">
      <Filter>소스 파일</Filter>
    </ClCompile>
    <ClCompile Include="10266.cpp">
      <Filter>소스 파일</Filter>
    </ClCompile>
    <ClCompile Include="3665.cpp">
      <Filter>소스 파일</Filter>
    </ClCompile>
    <ClCompile Include="2252.cpp">
      <Filter>소스 파일</Filter>
    </ClCompile>
    <ClCompile Include="1005.cpp">
      <Filter>소스 파일</Filter>
    </ClCompile>
    <ClCompile Include="1766.cpp">
      <Filter>소스 파일</Filter>
    </ClCompile>
    <ClCompile Include="3584.cpp">
      <Filter>소스 파일</Filter>
    </ClCompile>
    <ClCompile Include="11438.cpp">
      <Filter>소스 파일</Filter>
    </ClCompile>
    <ClCompile Include="13344.cpp">
      <Filter>소스 파일</Filter>
    </ClCompile>
    <ClCompile Include="11438_1.cpp">
      <Filter>소스 파일</Filter>
    </ClCompile>
    <ClCompile Include="17435_1.cpp">
      <Filter>소스 파일</Filter>
    </ClCompile>
    <ClCompile Include="17435.cpp">
      <Filter>소스 파일</Filter>
    </ClCompile>
    <ClCompile Include="13511.cpp">
      <Filter>소스 파일</Filter>
    </ClCompile>
    <ClCompile Include="2150_1.cpp">
      <Filter>소스 파일</Filter>
    </ClCompile>
    <ClCompile Include="2150.cpp">
      <Filter>소스 파일</Filter>
    </ClCompile>
    <ClCompile Include="3977.cpp">
      <Filter>소스 파일</Filter>
    </ClCompile>
    <ClCompile Include="4196.cpp">
      <Filter>소스 파일</Filter>
    </ClCompile>
    <ClCompile Include="4013.cpp">
      <Filter>소스 파일</Filter>
    </ClCompile>
    <ClCompile Include="3648.cpp">
      <Filter>소스 파일</Filter>
    </ClCompile>
    <ClCompile Include="11281.cpp">
      <Filter>소스 파일</Filter>
    </ClCompile>
    <ClCompile Include="11280.cpp">
      <Filter>소스 파일</Filter>
    </ClCompile>
    <ClCompile Include="16367.cpp">
      <Filter>소스 파일</Filter>
    </ClCompile>
    <ClCompile Include="18258.cpp">
      <Filter>소스 파일</Filter>
    </ClCompile>
    <ClCompile Include="11659.cpp">
      <Filter>소스 파일</Filter>
    </ClCompile>
    <ClCompile Include="11505.cpp">
      <Filter>소스 파일</Filter>
    </ClCompile>
    <ClCompile Include="2042.cpp">
      <Filter>소스 파일</Filter>
    </ClCompile>
    <ClCompile Include="2357.cpp">
      <Filter>소스 파일</Filter>
    </ClCompile>
    <ClCompile Include="1517.cpp">
      <Filter>소스 파일</Filter>
    </ClCompile>
    <ClCompile Include="9345.cpp">
      <Filter>소스 파일</Filter>
    </ClCompile>
    <ClCompile Include="16975.cpp">
      <Filter>소스 파일</Filter>
    </ClCompile>
    <ClCompile Include="16975_1.cpp">
      <Filter>소스 파일</Filter>
    </ClCompile>
    <ClCompile Include="11658_1.cpp">
      <Filter>소스 파일</Filter>
    </ClCompile>
    <ClCompile Include="11658.cpp">
      <Filter>소스 파일</Filter>
    </ClCompile>
    <ClCompile Include="11660.cpp">
      <Filter>소스 파일</Filter>
    </ClCompile>
    <ClCompile Include="2042_1.cpp">
      <Filter>소스 파일</Filter>
    </ClCompile>
    <ClCompile Include="11658_2.cpp">
      <Filter>소스 파일</Filter>
    </ClCompile>
    <ClCompile Include="12899.cpp">
      <Filter>소스 파일</Filter>
    </ClCompile>
    <ClCompile Include="12899_1.cpp">
      <Filter>소스 파일</Filter>
    </ClCompile>
    <ClCompile Include="10999.cpp">
      <Filter>소스 파일</Filter>
    </ClCompile>
    <ClCompile Include="2820.cpp">
      <Filter>소스 파일</Filter>
    </ClCompile>
    <ClCompile Include="12844.cpp">
      <Filter>소스 파일</Filter>
    </ClCompile>
    <ClCompile Include="11014.cpp">
      <Filter>소스 파일</Filter>
    </ClCompile>
    <ClCompile Include="1867.cpp">
      <Filter>소스 파일</Filter>
    </ClCompile>
    <ClCompile Include="1671.cpp">
      <Filter>소스 파일</Filter>
    </ClCompile>
    <ClCompile Include="1017.cpp">
      <Filter>소스 파일</Filter>
    </ClCompile>
    <ClCompile Include="11376.cpp">
      <Filter>소스 파일</Filter>
    </ClCompile>
    <ClCompile Include="11375.cpp">
      <Filter>소스 파일</Filter>
    </ClCompile>
    <ClCompile Include="3679.cpp">
      <Filter>소스 파일</Filter>
    </ClCompile>
    <ClCompile Include="3878_1.cpp">
      <Filter>소스 파일</Filter>
    </ClCompile>
    <ClCompile Include="3878.cpp">
      <Filter>소스 파일</Filter>
    </ClCompile>
    <ClCompile Include="7420.cpp">
      <Filter>소스 파일</Filter>
    </ClCompile>
    <ClCompile Include="10254_1.cpp">
      <Filter>소스 파일</Filter>
    </ClCompile>
    <ClCompile Include="10254.cpp">
      <Filter>소스 파일</Filter>
    </ClCompile>
    <ClCompile Include="9240_2.cpp">
      <Filter>소스 파일</Filter>
    </ClCompile>
    <ClCompile Include="9240_1.cpp">
      <Filter>소스 파일</Filter>
    </ClCompile>
    <ClCompile Include="9240.cpp">
      <Filter>소스 파일</Filter>
    </ClCompile>
    <ClCompile Include="1708_1.cpp">
      <Filter>소스 파일</Filter>
    </ClCompile>
    <ClCompile Include="1708.cpp">
      <Filter>소스 파일</Filter>
    </ClCompile>
    <ClCompile Include="16357.cpp">
      <Filter>소스 파일</Filter>
    </ClCompile>
    <ClCompile Include="8462.cpp">
      <Filter>소스 파일</Filter>
    </ClCompile>
    <ClCompile Include="13547.cpp">
      <Filter>소스 파일</Filter>
    </ClCompile>
    <ClCompile Include="13548_1.cpp">
      <Filter>소스 파일</Filter>
    </ClCompile>
    <ClCompile Include="13548.cpp">
      <Filter>소스 파일</Filter>
    </ClCompile>
    <ClCompile Include="1395.cpp">
      <Filter>소스 파일</Filter>
    </ClCompile>
    <ClCompile Include="12844_1.cpp">
      <Filter>소스 파일</Filter>
    </ClCompile>
    <ClCompile Include="11378.cpp">
      <Filter>소스 파일</Filter>
    </ClCompile>
    <ClCompile Include="13161.cpp">
      <Filter>소스 파일</Filter>
    </ClCompile>
    <ClCompile Include="1067.cpp">
      <Filter>소스 파일</Filter>
    </ClCompile>
    <ClCompile Include="10531.cpp">
      <Filter>소스 파일</Filter>
    </ClCompile>
    <ClCompile Include="4149.cpp">
      <Filter>소스 파일</Filter>
    </ClCompile>
    <ClCompile Include="5615.cpp">
      <Filter>소스 파일</Filter>
    </ClCompile>
    <ClCompile Include="15576.cpp">
      <Filter>소스 파일</Filter>
    </ClCompile>
    <ClCompile Include="15576_1.cpp">
      <Filter>소스 파일</Filter>
    </ClCompile>
    <ClCompile Include="15576_2.cpp">
      <Filter>소스 파일</Filter>
    </ClCompile>
    <ClCompile Include="17134.cpp">
      <Filter>소스 파일</Filter>
    </ClCompile>
    <ClCompile Include="1305.cpp">
      <Filter>소스 파일</Filter>
    </ClCompile>
    <ClCompile Include="2809.cpp">
      <Filter>소스 파일</Filter>
    </ClCompile>
    <ClCompile Include="2809_1.cpp">
      <Filter>소스 파일</Filter>
    </ClCompile>
    <ClCompile Include="10256.cpp">
      <Filter>소스 파일</Filter>
    </ClCompile>
    <ClCompile Include="9250.cpp">
      <Filter>소스 파일</Filter>
    </ClCompile>
    <ClCompile Include="13322.cpp">
      <Filter>소스 파일</Filter>
    </ClCompile>
    <ClCompile Include="11479.cpp">
      <Filter>소스 파일</Filter>
    </ClCompile>
    <ClCompile Include="1605.cpp">
      <Filter>소스 파일</Filter>
    </ClCompile>
    <ClCompile Include="9248.cpp">
      <Filter>소스 파일</Filter>
    </ClCompile>
    <ClCompile Include="9248_2.cpp">
      <Filter>소스 파일</Filter>
    </ClCompile>
    <ClCompile Include="9248_1.cpp">
      <Filter>소스 파일</Filter>
    </ClCompile>
    <ClCompile Include="16229.cpp">
      <Filter>소스 파일</Filter>
    </ClCompile>
    <ClCompile Include="13713.cpp">
      <Filter>소스 파일</Filter>
    </ClCompile>
    <ClCompile Include="16163.cpp">
      <Filter>소스 파일</Filter>
    </ClCompile>
    <ClCompile Include="16163_1.cpp">
      <Filter>소스 파일</Filter>
    </ClCompile>
    <ClCompile Include="11046.cpp">
      <Filter>소스 파일</Filter>
    </ClCompile>
    <ClCompile Include="13275.cpp">
      <Filter>소스 파일</Filter>
    </ClCompile>
    <ClCompile Include="5670_1.cpp">
      <Filter>소스 파일</Filter>
    </ClCompile>
    <ClCompile Include="5670.cpp">
      <Filter>소스 파일</Filter>
    </ClCompile>
    <ClCompile Include="14425.cpp">
      <Filter>소스 파일</Filter>
    </ClCompile>
    <ClCompile Include="1002.cpp">
      <Filter>소스 파일</Filter>
    </ClCompile>
    <ClCompile Include="1003.cpp">
      <Filter>소스 파일</Filter>
    </ClCompile>
    <ClCompile Include="1011.cpp">
      <Filter>소스 파일</Filter>
    </ClCompile>
    <ClCompile Include="1018.cpp">
      <Filter>소스 파일</Filter>
    </ClCompile>
    <ClCompile Include="1065.cpp">
      <Filter>소스 파일</Filter>
    </ClCompile>
    <ClCompile Include="10039.cpp">
      <Filter>소스 파일</Filter>
    </ClCompile>
    <ClCompile Include="10171.cpp">
      <Filter>소스 파일</Filter>
    </ClCompile>
    <ClCompile Include="10172.cpp">
      <Filter>소스 파일</Filter>
    </ClCompile>
    <ClCompile Include="10250.cpp">
      <Filter>소스 파일</Filter>
    </ClCompile>
    <ClCompile Include="10757.cpp">
      <Filter>소스 파일</Filter>
    </ClCompile>
    <ClCompile Include="10809.cpp">
      <Filter>소스 파일</Filter>
    </ClCompile>
    <ClCompile Include="11866.cpp">
      <Filter>소스 파일</Filter>
    </ClCompile>
    <ClCompile Include="1107.cpp">
      <Filter>소스 파일</Filter>
    </ClCompile>
    <ClCompile Include="1110.cpp">
      <Filter>소스 파일</Filter>
    </ClCompile>
    <ClCompile Include="1152.cpp">
      <Filter>소스 파일</Filter>
    </ClCompile>
    <ClCompile Include="1157.cpp">
      <Filter>소스 파일</Filter>
    </ClCompile>
    <ClCompile Include="1193.cpp">
      <Filter>소스 파일</Filter>
    </ClCompile>
    <ClCompile Include="1316.cpp">
      <Filter>소스 파일</Filter>
    </ClCompile>
    <ClCompile Include="1436.cpp">
      <Filter>소스 파일</Filter>
    </ClCompile>
    <ClCompile Include="1463.cpp">
      <Filter>소스 파일</Filter>
    </ClCompile>
    <ClCompile Include="1475.cpp">
      <Filter>소스 파일</Filter>
    </ClCompile>
    <ClCompile Include="1546.cpp">
      <Filter>소스 파일</Filter>
    </ClCompile>
    <ClCompile Include="1978.cpp">
      <Filter>소스 파일</Filter>
    </ClCompile>
    <ClCompile Include="2108.cpp">
      <Filter>소스 파일</Filter>
    </ClCompile>
    <ClCompile Include="2156.cpp">
      <Filter>소스 파일</Filter>
    </ClCompile>
    <ClCompile Include="2231.cpp">
      <Filter>소스 파일</Filter>
    </ClCompile>
    <ClCompile Include="2292.cpp">
      <Filter>소스 파일</Filter>
    </ClCompile>
    <ClCompile Include="2316_e.cpp">
      <Filter>소스 파일</Filter>
    </ClCompile>
    <ClCompile Include="2447.cpp">
      <Filter>소스 파일</Filter>
    </ClCompile>
    <ClCompile Include="2448.cpp">
      <Filter>소스 파일</Filter>
    </ClCompile>
    <ClCompile Include="2558.cpp">
      <Filter>소스 파일</Filter>
    </ClCompile>
    <ClCompile Include="2577.cpp">
      <Filter>소스 파일</Filter>
    </ClCompile>
    <ClCompile Include="2581.cpp">
      <Filter>소스 파일</Filter>
    </ClCompile>
    <ClCompile Include="2588.cpp">
      <Filter>소스 파일</Filter>
    </ClCompile>
    <ClCompile Include="2675.cpp">
      <Filter>소스 파일</Filter>
    </ClCompile>
    <ClCompile Include="2750.cpp">
      <Filter>소스 파일</Filter>
    </ClCompile>
    <ClCompile Include="2751.cpp">
      <Filter>소스 파일</Filter>
    </ClCompile>
    <ClCompile Include="2775.cpp">
      <Filter>소스 파일</Filter>
    </ClCompile>
    <ClCompile Include="2839.cpp">
      <Filter>소스 파일</Filter>
    </ClCompile>
    <ClCompile Include="2908.cpp">
      <Filter>소스 파일</Filter>
    </ClCompile>
    <ClCompile Include="2920.cpp">
      <Filter>소스 파일</Filter>
    </ClCompile>
    <ClCompile Include="2941.cpp">
      <Filter>소스 파일</Filter>
    </ClCompile>
    <ClCompile Include="4344.cpp">
      <Filter>소스 파일</Filter>
    </ClCompile>
    <ClCompile Include="4673.cpp">
      <Filter>소스 파일</Filter>
    </ClCompile>
    <ClCompile Include="5052.cpp">
      <Filter>소스 파일</Filter>
    </ClCompile>
    <ClCompile Include="5622.cpp">
      <Filter>소스 파일</Filter>
    </ClCompile>
    <ClCompile Include="6064.cpp">
      <Filter>소스 파일</Filter>
    </ClCompile>
    <ClCompile Include="7287.cpp">
      <Filter>소스 파일</Filter>
    </ClCompile>
    <ClCompile Include="7568.cpp">
      <Filter>소스 파일</Filter>
    </ClCompile>
    <ClCompile Include="8958.cpp">
      <Filter>소스 파일</Filter>
    </ClCompile>
    <ClCompile Include="9020.cpp">
      <Filter>소스 파일</Filter>
    </ClCompile>
    <ClCompile Include="10817.cpp">
      <Filter>소스 파일</Filter>
    </ClCompile>
    <ClCompile Include="10870.cpp">
      <Filter>소스 파일</Filter>
    </ClCompile>
    <ClCompile Include="10871.cpp">
      <Filter>소스 파일</Filter>
    </ClCompile>
    <ClCompile Include="10989.cpp">
      <Filter>소스 파일</Filter>
    </ClCompile>
    <ClCompile Include="10989_1.cpp">
      <Filter>소스 파일</Filter>
    </ClCompile>
    <ClCompile Include="11654.cpp">
      <Filter>소스 파일</Filter>
    </ClCompile>
    <ClCompile Include="11718.cpp">
      <Filter>소스 파일</Filter>
    </ClCompile>
    <ClCompile Include="11729.cpp">
      <Filter>소스 파일</Filter>
    </ClCompile>
    <ClCompile Include="18247.cpp">
      <Filter>소스 파일</Filter>
    </ClCompile>
    <ClCompile Include="14681.cpp">
      <Filter>소스 파일</Filter>
    </ClCompile>
    <ClCompile Include="3176.cpp">
      <Filter>소스 파일</Filter>
    </ClCompile>
    <ClCompile Include="11003.cpp">
      <Filter>소스 파일</Filter>
    </ClCompile>
    <ClCompile Include="11003_1.cpp">
      <Filter>소스 파일</Filter>
    </ClCompile>
    <ClCompile Include="11003_2.cpp">
      <Filter>소스 파일</Filter>
    </ClCompile>
    <ClCompile Include="5977.cpp">
      <Filter>소스 파일</Filter>
    </ClCompile>
    <ClCompile Include="15678.cpp">
      <Filter>소스 파일</Filter>
    </ClCompile>
    <ClCompile Include="13263.cpp">
      <Filter>소스 파일</Filter>
    </ClCompile>
    <ClCompile Include="4008.cpp">
      <Filter>소스 파일</Filter>
    </ClCompile>
    <ClCompile Include="10067.cpp">
      <Filter>소스 파일</Filter>
    </ClCompile>
    <ClCompile Include="14751.cpp">
      <Filter>소스 파일</Filter>
    </ClCompile>
    <ClCompile Include="11001.cpp">
      <Filter>소스 파일</Filter>
    </ClCompile>
    <ClCompile Include="13261.cpp">
      <Filter>소스 파일</Filter>
    </ClCompile>
    <ClCompile Include="14636.cpp">
      <Filter>소스 파일</Filter>
    </ClCompile>
    <ClCompile Include="13974.cpp">
      <Filter>소스 파일</Filter>
    </ClCompile>
    <ClCompile Include="13974_1.cpp">
      <Filter>소스 파일</Filter>
    </ClCompile>
    <ClCompile Include="13975.cpp">
      <Filter>소스 파일</Filter>
    </ClCompile>
    <ClCompile Include="9663p.cpp">
      <Filter>소스 파일</Filter>
    </ClCompile>
    <ClCompile Include="9663_1.cpp">
      <Filter>소스 파일</Filter>
    </ClCompile>
    <ClCompile Include="15649.cpp">
      <Filter>소스 파일</Filter>
    </ClCompile>
    <ClCompile Include="15650.cpp">
      <Filter>소스 파일</Filter>
    </ClCompile>
    <ClCompile Include="15651.cpp">
      <Filter>소스 파일</Filter>
    </ClCompile>
    <ClCompile Include="15652.cpp">
      <Filter>소스 파일</Filter>
    </ClCompile>
    <ClCompile Include="15652_1.cpp">
      <Filter>소스 파일</Filter>
    </ClCompile>
    <ClCompile Include="2580.cpp">
      <Filter>소스 파일</Filter>
    </ClCompile>
    <ClCompile Include="14888.cpp">
      <Filter>소스 파일</Filter>
    </ClCompile>
    <ClCompile Include="14888_1.cpp">
      <Filter>소스 파일</Filter>
    </ClCompile>
    <ClCompile Include="14889.cpp">
      <Filter>소스 파일</Filter>
    </ClCompile>
    <ClCompile Include="2170.cpp">
      <Filter>소스 파일</Filter>
    </ClCompile>
    <ClCompile Include="2170_1.cpp">
      <Filter>소스 파일</Filter>
    </ClCompile>
    <ClCompile Include="2836.cpp">
      <Filter>소스 파일</Filter>
    </ClCompile>
    <ClCompile Include="5419.cpp">
      <Filter>소스 파일</Filter>
    </ClCompile>
    <ClCompile Include="17131.cpp">
      <Filter>소스 파일</Filter>
    </ClCompile>
    <ClCompile Include="7626.cpp">
      <Filter>소스 파일</Filter>
    </ClCompile>
    <ClCompile Include="11012.cpp">
      <Filter>소스 파일</Filter>
    </ClCompile>
    <ClCompile Include="7469.cpp">
      <Filter>소스 파일</Filter>
    </ClCompile>
    <ClCompile Include="16978.cpp">
      <Filter>소스 파일</Filter>
    </ClCompile>
    <ClCompile Include="16978_1.cpp">
      <Filter>소스 파일</Filter>
    </ClCompile>
    <ClCompile Include="11012_1.cpp">
      <Filter>소스 파일</Filter>
    </ClCompile>
    <ClCompile Include="1168.cpp">
      <Filter>소스 파일</Filter>
    </ClCompile>
    <ClCompile Include="2003.cpp">
      <Filter>소스 파일</Filter>
    </ClCompile>
    <ClCompile Include="3273.cpp">
      <Filter>소스 파일</Filter>
    </ClCompile>
    <ClCompile Include="3273_1.cpp">
      <Filter>소스 파일</Filter>
    </ClCompile>
    <ClCompile Include="1806.cpp">
      <Filter>소스 파일</Filter>
    </ClCompile>
    <ClCompile Include="1644.cpp">
      <Filter>소스 파일</Filter>
    </ClCompile>
    <ClCompile Include="2470.cpp">
      <Filter>소스 파일</Filter>
    </ClCompile>
    <ClCompile Include="1208.cpp">
      <Filter>소스 파일</Filter>
    </ClCompile>
    <ClCompile Include="1450.cpp">
      <Filter>소스 파일</Filter>
    </ClCompile>
    <ClCompile Include="9184.cpp">
      <Filter>소스 파일</Filter>
    </ClCompile>
    <ClCompile Include="2629.cpp">
      <Filter>소스 파일</Filter>
    </ClCompile>
    <ClCompile Include="13305.cpp">
      <Filter>소스 파일</Filter>
    </ClCompile>
    <ClCompile Include="11444.cpp">
      <Filter>소스 파일</Filter>
    </ClCompile>
    <ClCompile Include="6549_1.cpp">
      <Filter>소스 파일</Filter>
    </ClCompile>
    <ClCompile Include="1074.cpp">
      <Filter>소스 파일</Filter>
    </ClCompile>
    <ClCompile Include="2104.cpp">
      <Filter>소스 파일</Filter>
    </ClCompile>
    <ClCompile Include="5904.cpp">
      <Filter>소스 파일</Filter>
    </ClCompile>
    <ClCompile Include="1493.cpp">
      <Filter>소스 파일</Filter>
    </ClCompile>
    <ClCompile Include="10090.cpp">
      <Filter>소스 파일</Filter>
    </ClCompile>
    <ClCompile Include="12846.cpp">
      <Filter>소스 파일</Filter>
    </ClCompile>
    <ClCompile Include="2339.cpp">
      <Filter>소스 파일</Filter>
    </ClCompile>
    <ClCompile Include="1030.cpp">
      <Filter>소스 파일</Filter>
    </ClCompile>
    <ClCompile Include="14727.cpp">
      <Filter>소스 파일</Filter>
    </ClCompile>
    <ClCompile Include="4256.cpp">
      <Filter>소스 파일</Filter>
    </ClCompile>
    <ClCompile Include="17829.cpp">
      <Filter>소스 파일</Filter>
    </ClCompile>
    <ClCompile Include="4779.cpp">
      <Filter>소스 파일</Filter>
    </ClCompile>
    <ClCompile Include="17613.cpp">
      <Filter>소스 파일</Filter>
    </ClCompile>
    <ClCompile Include="1934.cpp">
      <Filter>소스 파일</Filter>
    </ClCompile>
    <ClCompile Include="1010.cpp">
      <Filter>소스 파일</Filter>
    </ClCompile>
    <ClCompile Include="1707.cpp">
      <Filter>소스 파일</Filter>
    </ClCompile>
    <ClCompile Include="1261.cpp">
      <Filter>소스 파일</Filter>
    </ClCompile>
    <ClCompile Include="1238.cpp">
      <Filter>소스 파일</Filter>
    </ClCompile>
    <ClCompile Include="13549.cpp">
      <Filter>소스 파일</Filter>
    </ClCompile>
    <ClCompile Include="13549_1.cpp">
      <Filter>소스 파일</Filter>
    </ClCompile>
    <ClCompile Include="4485.cpp">
      <Filter>소스 파일</Filter>
    </ClCompile>
    <ClCompile Include="2665.cpp">
      <Filter>소스 파일</Filter>
    </ClCompile>
    <ClCompile Include="1219.cpp">
      <Filter>소스 파일</Filter>
    </ClCompile>
    <ClCompile Include="1738.cpp">
      <Filter>소스 파일</Filter>
    </ClCompile>
    <ClCompile Include="3860.cpp">
      <Filter>소스 파일</Filter>
    </ClCompile>
    <ClCompile Include="3860_1.cpp">
      <Filter>소스 파일</Filter>
    </ClCompile>
    <ClCompile Include="13907.cpp">
      <Filter>소스 파일</Filter>
    </ClCompile>
    <ClCompile Include="7577.cpp">
      <Filter>소스 파일</Filter>
    </ClCompile>
    <ClCompile Include="11403.cpp">
      <Filter>소스 파일</Filter>
    </ClCompile>
    <ClCompile Include="1389.cpp">
      <Filter>소스 파일</Filter>
    </ClCompile>
    <ClCompile Include="9205.cpp">
      <Filter>소스 파일</Filter>
    </ClCompile>
    <ClCompile Include="2458.cpp">
      <Filter>소스 파일</Filter>
    </ClCompile>
    <ClCompile Include="2458_1.cpp">
      <Filter>소스 파일</Filter>
    </ClCompile>
    <ClCompile Include="10159.cpp">
      <Filter>소스 파일</Filter>
    </ClCompile>
    <ClCompile Include="1613.cpp">
      <Filter>소스 파일</Filter>
    </ClCompile>
    <ClCompile Include="2660.cpp">
      <Filter>소스 파일</Filter>
    </ClCompile>
    <ClCompile Include="1507.cpp">
      <Filter>소스 파일</Filter>
    </ClCompile>
    <ClCompile Include="1508.cpp">
      <Filter>소스 파일</Filter>
    </ClCompile>
    <ClCompile Include="14938.cpp">
      <Filter>소스 파일</Filter>
    </ClCompile>
    <ClCompile Include="2610.cpp">
      <Filter>소스 파일</Filter>
    </ClCompile>
    <ClCompile Include="11780.cpp">
      <Filter>소스 파일</Filter>
    </ClCompile>
    <ClCompile Include="11562.cpp">
      <Filter>소스 파일</Filter>
    </ClCompile>
    <ClCompile Include="1719.cpp">
      <Filter>소스 파일</Filter>
    </ClCompile>
    <ClCompile Include="18352.cpp">
      <Filter>소스 파일</Filter>
    </ClCompile>
    <ClCompile Include="10282.cpp">
      <Filter>소스 파일</Filter>
    </ClCompile>
    <ClCompile Include="7562.cpp">
      <Filter>소스 파일</Filter>
    </ClCompile>
    <ClCompile Include="4195_1.cpp">
      <Filter>소스 파일</Filter>
    </ClCompile>
    <ClCompile Include="20040.cpp">
      <Filter>소스 파일</Filter>
    </ClCompile>
    <ClCompile Include="1043.cpp">
      <Filter>소스 파일</Filter>
    </ClCompile>
    <ClCompile Include="10216.cpp">
      <Filter>소스 파일</Filter>
    </ClCompile>
    <ClCompile Include="16562.cpp">
      <Filter>소스 파일</Filter>
    </ClCompile>
    <ClCompile Include="3197.cpp">
      <Filter>소스 파일</Filter>
    </ClCompile>
    <ClCompile Include="13306.cpp">
      <Filter>소스 파일</Filter>
    </ClCompile>
    <ClCompile Include="4803.cpp">
      <Filter>소스 파일</Filter>
    </ClCompile>
    <ClCompile Include="14868.cpp">
      <Filter>소스 파일</Filter>
    </ClCompile>
    <ClCompile Include="2188.cpp">
      <Filter>소스 파일</Filter>
    </ClCompile>
    <ClCompile Include="11377.cpp">
      <Filter>소스 파일</Filter>
    </ClCompile>
    <ClCompile Include="9576.cpp">
      <Filter>소스 파일</Filter>
    </ClCompile>
    <ClCompile Include="2570.cpp">
      <Filter>소스 파일</Filter>
    </ClCompile>
    <ClCompile Include="9525.cpp">
      <Filter>소스 파일</Filter>
    </ClCompile>
    <ClCompile Include="1760.cpp">
      <Filter>소스 파일</Filter>
    </ClCompile>
    <ClCompile Include="1574.cpp">
      <Filter>소스 파일</Filter>
    </ClCompile>
    <ClCompile Include="1298.cpp">
      <Filter>소스 파일</Filter>
    </ClCompile>
    <ClCompile Include="2414.cpp">
      <Filter>소스 파일</Filter>
    </ClCompile>
    <ClCompile Include="2191.cpp">
      <Filter>소스 파일</Filter>
    </ClCompile>
    <ClCompile Include="1348.cpp">
      <Filter>소스 파일</Filter>
    </ClCompile>
    <ClCompile Include="9577.cpp">
      <Filter>소스 파일</Filter>
    </ClCompile>
    <ClCompile Include="3295.cpp">
      <Filter>소스 파일</Filter>
    </ClCompile>
    <ClCompile Include="18138.cpp">
      <Filter>소스 파일</Filter>
    </ClCompile>
    <ClCompile Include="14433.cpp">
      <Filter>소스 파일</Filter>
    </ClCompile>
    <ClCompile Include="2787.cpp">
      <Filter>소스 파일</Filter>
    </ClCompile>
    <ClCompile Include="13166.cpp">
      <Filter>소스 파일</Filter>
    </ClCompile>
    <ClCompile Include="3683.cpp">
      <Filter>소스 파일</Filter>
    </ClCompile>
    <ClCompile Include="11670.cpp">
      <Filter>소스 파일</Filter>
    </ClCompile>
    <ClCompile Include="5398.cpp">
      <Filter>소스 파일</Filter>
    </ClCompile>
    <ClCompile Include="3736.cpp">
      <Filter>소스 파일</Filter>
    </ClCompile>
    <ClCompile Include="17412_1.cpp">
      <Filter>소스 파일</Filter>
    </ClCompile>
    <ClCompile Include="3736_1.cpp">
      <Filter>소스 파일</Filter>
    </ClCompile>
    <ClCompile Include="13166_1.cpp">
      <Filter>소스 파일</Filter>
    </ClCompile>
    <ClCompile Include="11376_1.cpp">
      <Filter>소스 파일</Filter>
    </ClCompile>
    <ClCompile Include="11405.cpp">
      <Filter>소스 파일</Filter>
    </ClCompile>
    <ClCompile Include="11407.cpp">
      <Filter>소스 파일</Filter>
    </ClCompile>
    <ClCompile Include="11406.cpp">
      <Filter>소스 파일</Filter>
    </ClCompile>
    <ClCompile Include="1014.cpp">
      <Filter>소스 파일</Filter>
    </ClCompile>
    <ClCompile Include="11408.cpp">
      <Filter>소스 파일</Filter>
    </ClCompile>
    <ClCompile Include="11409.cpp">
      <Filter>소스 파일</Filter>
    </ClCompile>
    <ClCompile Include="3640.cpp">
      <Filter>소스 파일</Filter>
    </ClCompile>
    <ClCompile Include="5651.cpp">
      <Filter>소스 파일</Filter>
    </ClCompile>
    <ClCompile Include="11495.cpp">
      <Filter>소스 파일</Filter>
    </ClCompile>
    <ClCompile Include="2311.cpp">
      <Filter>소스 파일</Filter>
    </ClCompile>
    <ClCompile Include="17412_2.cpp">
      <Filter>소스 파일</Filter>
    </ClCompile>
    <ClCompile Include="17412.cpp">
      <Filter>소스 파일</Filter>
    </ClCompile>
    <ClCompile Include="6086_1.cpp">
      <Filter>소스 파일</Filter>
    </ClCompile>
    <ClCompile Include="6086.cpp">
      <Filter>소스 파일</Filter>
    </ClCompile>
    <ClCompile Include="2316_1.cpp">
      <Filter>소스 파일</Filter>
    </ClCompile>
    <ClCompile Include="2316.cpp">
      <Filter>소스 파일</Filter>
    </ClCompile>
    <ClCompile Include="2367_1.cpp">
      <Filter>소스 파일</Filter>
    </ClCompile>
    <ClCompile Include="2367.cpp">
      <Filter>소스 파일</Filter>
    </ClCompile>
    <ClCompile Include="1420_e_ek.cpp">
      <Filter>소스 파일</Filter>
    </ClCompile>
    <ClCompile Include="1420_e_di.cpp">
      <Filter>소스 파일</Filter>
    </ClCompile>
    <ClCompile Include="1420_ek.cpp">
      <Filter>소스 파일</Filter>
    </ClCompile>
    <ClCompile Include="1420_di.cpp">
      <Filter>소스 파일</Filter>
    </ClCompile>
    <ClCompile Include="1420.cpp">
      <Filter>소스 파일</Filter>
    </ClCompile>
    <ClCompile Include="11493.cpp">
      <Filter>소스 파일</Filter>
    </ClCompile>
    <ClCompile Include="11111.cpp">
      <Filter>소스 파일</Filter>
    </ClCompile>
    <ClCompile Include="1657.cpp">
      <Filter>소스 파일</Filter>
    </ClCompile>
    <ClCompile Include="2365.cpp">
      <Filter>소스 파일</Filter>
    </ClCompile>
    <ClCompile Include="1210.cpp">
      <Filter>소스 파일</Filter>
    </ClCompile>
    <ClCompile Include="1585.cpp">
      <Filter>소스 파일</Filter>
    </ClCompile>
    <ClCompile Include="9413.cpp">
      <Filter>소스 파일</Filter>
    </ClCompile>
    <ClCompile Include="10319.cpp">
      <Filter>소스 파일</Filter>
    </ClCompile>
    <ClCompile Include="14286.cpp">
      <Filter>소스 파일</Filter>
    </ClCompile>
  </ItemGroup>
</Project>